
Microsoft Visual Studio Solution File, Format Version 12.00
# Visual Studio 14
VisualStudioVersion = 14.0.25420.1
MinimumVisualStudioVersion = 10.0.40219.1
Project("{FAE04EC0-301F-11D3-BF4B-00C04F79EFBC}") = "WebApplication2", "WebApplication2\WebApplication2.csproj", "{51523BAB-E24C-4479-94BE-DDB7EEEB0BD4}"
EndProject
Project("{FAE04EC0-301F-11D3-BF4B-00C04F79EFBC}") = "WebApplicationTask", "WebApplicationTask\WebApplicationTask.csproj", "{93695AB6-54D4-4FEC-B5BF-4F607B4906C0}"
EndProject
Global
	GlobalSection(SolutionConfigurationPlatforms) = preSolution
		Debug|Any CPU = Debug|Any CPU
		Release|Any CPU = Release|Any CPU
	EndGlobalSection
	GlobalSection(ProjectConfigurationPlatforms) = postSolution
		{51523BAB-E24C-4479-94BE-DDB7EEEB0BD4}.Debug|Any CPU.ActiveCfg = Debug|Any CPU
		{51523BAB-E24C-4479-94BE-DDB7EEEB0BD4}.Debug|Any CPU.Build.0 = Debug|Any CPU
		{51523BAB-E24C-4479-94BE-DDB7EEEB0BD4}.Release|Any CPU.ActiveCfg = Release|Any CPU
		{51523BAB-E24C-4479-94BE-DDB7EEEB0BD4}.Release|Any CPU.Build.0 = Release|Any CPU
		{93695AB6-54D4-4FEC-B5BF-4F607B4906C0}.Debug|Any CPU.ActiveCfg = Debug|Any CPU
		{93695AB6-54D4-4FEC-B5BF-4F607B4906C0}.Debug|Any CPU.Build.0 = Debug|Any CPU
		{93695AB6-54D4-4FEC-B5BF-4F607B4906C0}.Release|Any CPU.ActiveCfg = Release|Any CPU
		{93695AB6-54D4-4FEC-B5BF-4F607B4906C0}.Release|Any CPU.Build.0 = Release|Any CPU
	EndGlobalSection
	GlobalSection(SolutionProperties) = preSolution
		HideSolutionNode = FALSE
	EndGlobalSection
EndGlobal
